{
  "name": "@concorde2k/core.makes",
  "version": "1.0.0",
  "lockfileVersion": 1,
  "requires": true,
  "dependencies": {
    "semver": {
      "version": "6.1.2",
      "resolved": "https://registry.npmjs.org/semver/-/semver-6.1.2.tgz",
      "integrity": "sha512-z4PqiCpomGtWj8633oeAdXm1Kn1W++3T8epkZYnwiVgIYIJ0QHszhInYSJTYxebByQH7KVCEAn8R9duzZW2PhQ=="
    }
  }
}
